
Microsoft Visual Studio Solution File, Format Version 12.00
# Visual Studio Version 16
VisualStudioVersion = 16.0.30907.101
MinimumVisualStudioVersion = 10.0.40219.1
Project("{FAE04EC0-301F-11D3-BF4B-00C04F79EFBC}") = "CombatPokemonConsole", "CombatPokemonConsole\CombatPokemonConsole.csproj", "{1795ED6E-0193-405E-9F87-4E4A80876DA8}"
EndProject
Global
	GlobalSection(SolutionConfigurationPlatforms) = preSolution
		Debug|Any CPU = Debug|Any CPU
		Release|Any CPU = Release|Any CPU
	EndGlobalSection
	GlobalSection(ProjectConfigurationPlatforms) = postSolution
		{1795ED6E-0193-405E-9F87-4E4A80876DA8}.Debug|Any CPU.ActiveCfg = Debug|Any CPU
		{1795ED6E-0193-405E-9F87-4E4A80876DA8}.Debug|Any CPU.Build.0 = Debug|Any CPU
		{1795ED6E-0193-405E-9F87-4E4A80876DA8}.Release|Any CPU.ActiveCfg = Release|Any CPU
		{1795ED6E-0193-405E-9F87-4E4A80876DA8}.Release|Any CPU.Build.0 = Release|Any CPU
	EndGlobalSection
	GlobalSection(SolutionProperties) = preSolution
		HideSolutionNode = FALSE
	EndGlobalSection
	GlobalSection(ExtensibilityGlobals) = postSolution
		SolutionGuid = {E6CB4AC4-D4D7-4CD0-B22B-131736E0A619}
	EndGlobalSection
EndGlobal
